// !$*UTF8*$!
{
	archiveVersion = 1;
	classes = {
	};
	objectVersion = 56;
	objects = {

/* Begin PBXBuildFile section */
		D77DB5A62AC6EA7000086966 /* AppDelegate.swift in Sources */ = {isa = PBXBuildFile; fileRef = D77DB5A52AC6EA7000086966 /* AppDelegate.swift */; };
		D77DB5A82AC6EA7000086966 /* SceneDelegate.swift in Sources */ = {isa = PBXBuildFile; fileRef = D77DB5A72AC6EA7000086966 /* SceneDelegate.swift */; };
		D77DB5AA2AC6EA7000086966 /* ViewController.swift in Sources */ = {isa = PBXBuildFile; fileRef = D77DB5A92AC6EA7000086966 /* ViewController.swift */; };
		D77DB5AD2AC6EA7000086966 /* Main.storyboard in Resources */ = {isa = PBXBuildFile; fileRef = D77DB5AB2AC6EA7000086966 /* Main.storyboard */; };
		D77DB5AF2AC6EA7100086966 /* Assets.xcassets in Resources */ = {isa = PBXBuildFile; fileRef = D77DB5AE2AC6EA7100086966 /* Assets.xcassets */; };
		D77DB5B22AC6EA7100086966 /* LaunchScreen.storyboard in Resources */ = {isa = PBXBuildFile; fileRef = D77DB5B02AC6EA7100086966 /* LaunchScreen.storyboard */; };
		D77DB5BD2AC6EA7100086966 /* calcTests.swift in Sources */ = {isa = PBXBuildFile; fileRef = D77DB5BC2AC6EA7100086966 /* calcTests.swift */; };
		D77DB5C72AC6EA7100086966 /* calcUITests.swift in Sources */ = {isa = PBXBuildFile; fileRef = D77DB5C62AC6EA7100086966 /* calcUITests.swift */; };
		D77DB5C92AC6EA7100086966 /* calcUITestsLaunchTests.swift in Sources */ = {isa = PBXBuildFile; fileRef = D77DB5C82AC6EA7100086966 /* calcUITestsLaunchTests.swift */; };
/* End PBXBuildFile section */

/* Begin PBXContainerItemProxy section */
		D77DB5B92AC6EA7100086966 /* PBXContainerItemProxy */ = {
			isa = PBXContainerItemProxy;
			containerPortal = D77DB59A2AC6EA7000086966 /* Project object */;
			proxyType = 1;
			remoteGlobalIDString = D77DB5A12AC6EA7000086966;
			remoteInfo = calc;
		};
		D77DB5C32AC6EA7100086966 /* PBXContainerItemProxy */ = {
			isa = PBXContainerItemProxy;
			containerPortal = D77DB59A2AC6EA7000086966 /* Project object */;
			proxyType = 1;
			remoteGlobalIDString = D77DB5A12AC6EA7000086966;
			remoteInfo = calc;
		};
/* End PBXContainerItemProxy section */

/* Begin PBXFileReference section */
		D77DB5A22AC6EA7000086966 /* calc.app */ = {isa = PBXFileReference; explicitFileType = wrapper.application; includeInIndex = 0; path = calc.app; sourceTree = BUILT_PRODUCTS_DIR; };
		D77DB5A52AC6EA7000086966 /* AppDelegate.swift */ = {isa = PBXFileReference; lastKnownFileType = sourcecode.swift; path = AppDelegate.swift; sourceTree = "<group>"; };
		D77DB5A72AC6EA7000086966 /* SceneDelegate.swift */ = {isa = PBXFileReference; lastKnownFileType = sourcecode.swift; path = SceneDelegate.swift; sourceTree = "<group>"; };
		D77DB5A92AC6EA7000086966 /* ViewController.swift */ = {isa = PBXFileReference; lastKnownFileType = sourcecode.swift; path = ViewController.swift; sourceTree = "<group>"; };
		D77DB5AC2AC6EA7000086966 /* Base */ = {isa = PBXFileReference; lastKnownFileType = file.storyboard; name = Base; path = Base.lproj/Main.storyboard; sourceTree = "<group>"; };
		D77DB5AE2AC6EA7100086966 /* Assets.xcassets */ = {isa = PBXFileReference; lastKnownFileType = folder.assetcatalog; path = Assets.xcassets; sourceTree = "<group>"; };
		D77DB5B12AC6EA7100086966 /* Base */ = {isa = PBXFileReference; lastKnownFileType = file.storyboard; name = Base; path = Base.lproj/LaunchScreen.storyboard; sourceTree = "<group>"; };
		D77DB5B32AC6EA7100086966 /* Info.plist */ = {isa = PBXFileReference; lastKnownFileType = text.plist.xml; path = Info.plist; sourceTree = "<group>"; };
		D77DB5B82AC6EA7100086966 /* calcTests.xctest */ = {isa = PBXFileReference; explicitFileType = wrapper.cfbundle; includeInIndex = 0; path = calcTests.xctest; sourceTree = BUILT_PRODUCTS_DIR; };
		D77DB5BC2AC6EA7100086966 /* calcTests.swift */ = {isa = PBXFileReference; lastKnownFileType = sourcecode.swift; path = calcTests.swift; sourceTree = "<group>"; };
		D77DB5C22AC6EA7100086966 /* calcUITests.xctest */ = {isa = PBXFileReference; explicitFileType = wrapper.cfbundle; includeInIndex = 0; path = calcUITests.xctest; sourceTree = BUILT_PRODUCTS_DIR; };
		D77DB5C62AC6EA7100086966 /* calcUITests.swift */ = {isa = PBXFileReference; lastKnownFileType = sourcecode.swift; path = calcUITests.swift; sourceTree = "<group>"; };
		D77DB5C82AC6EA7100086966 /* calcUITestsLaunchTests.swift */ = {isa = PBXFileReference; lastKnownFileType = sourcecode.swift; path = calcUITestsLaunchTests.swift; sourceTree = "<group>"; };
/* End PBXFileReference section */

/* Begin PBXFrameworksBuildPhase section */
		D77DB59F2AC6EA7000086966 /* Frameworks */ = {
			isa = PBXFrameworksBuildPhase;
			buildActionMask = 2147483647;
			files = (
			);
			runOnlyForDeploymentPostprocessing = 0;
		};
		D77DB5B52AC6EA7100086966 /* Frameworks */ = {
			isa = PBXFrameworksBuildPhase;
			buildActionMask = 2147483647;
			files = (
			);
			runOnlyForDeploymentPostprocessing = 0;
		};
		D77DB5BF2AC6EA7100086966 /* Frameworks */ = {
			isa = PBXFrameworksBuildPhase;
			buildActionMask = 2147483647;
			files = (
			);
			runOnlyForDeploymentPostprocessing = 0;
		};
/* End PBXFrameworksBuildPhase section */

/* Begin PBXGroup section */
		D77DB5992AC6EA7000086966 = {
			isa = PBXGroup;
			children = (
				D77DB5A42AC6EA7000086966 /* calc */,
				D77DB5BB2AC6EA7100086966 /* calcTests */,
				D77DB5C52AC6EA7100086966 /* calcUITests */,
				D77DB5A32AC6EA7000086966 /* Products */,
			);
			sourceTree = "<group>";
		};
		D77DB5A32AC6EA7000086966 /* Products */ = {
			isa = PBXGroup;
			children = (
				D77DB5A22AC6EA7000086966 /* calc.app */,
				D77DB5B82AC6EA7100086966 /* calcTests.xctest */,
				D77DB5C22AC6EA7100086966 /* calcUITests.xctest */,
			);
			name = Products;
			sourceTree = "<group>";
		};
		D77DB5A42AC6EA7000086966 /* calc */ = {
			isa = PBXGroup;
			children = (
				D77DB5A52AC6EA7000086966 /* AppDelegate.swift */,
				D77DB5A72AC6EA7000086966 /* SceneDelegate.swift */,
				D77DB5A92AC6EA7000086966 /* ViewController.swift */,
				D77DB5AB2AC6EA7000086966 /* Main.storyboard */,
				D77DB5AE2AC6EA7100086966 /* Assets.xcassets */,
				D77DB5B02AC6EA7100086966 /* LaunchScreen.storyboard */,
				D77DB5B32AC6EA7100086966 /* Info.plist */,
			);
			path = calc;
			sourceTree = "<group>";
		};
		D77DB5BB2AC6EA7100086966 /* calcTests */ = {
			isa = PBXGroup;
			children = (
				D77DB5BC2AC6EA7100086966 /* calcTests.swift */,
			);
			path = calcTests;
			sourceTree = "<group>";
		};
		D77DB5C52AC6EA7100086966 /* calcUITests */ = {
			isa = PBXGroup;
			children = (
				D77DB5C62AC6EA7100086966 /* calcUITests.swift */,
				D77DB5C82AC6EA7100086966 /* calcUITestsLaunchTests.swift */,
			);
			path = calcUITests;
			sourceTree = "<group>";
		};
/* End PBXGroup section */

/* Begin PBXNativeTarget section */
		D77DB5A12AC6EA7000086966 /* calc */ = {
			isa = PBXNativeTarget;
			buildConfigurationList = D77DB5CC2AC6EA7100086966 /* Build configuration list for PBXNativeTarget "calc" */;
			buildPhases = (
				D77DB59E2AC6EA7000086966 /* Sources */,
				D77DB59F2AC6EA7000086966 /* Frameworks */,
				D77DB5A02AC6EA7000086966 /* Resources */,
			);
			buildRules = (
			);
			dependencies = (
			);
			name = calc;
			productName = calc;
			productReference = D77DB5A22AC6EA7000086966 /* calc.app */;
			productType = "com.apple.product-type.application";
		};
		D77DB5B72AC6EA7100086966 /* calcTests */ = {
			isa = PBXNativeTarget;
			buildConfigurationList = D77DB5CF2AC6EA7100086966 /* Build configuration list for PBXNativeTarget "calcTests" */;
			buildPhases = (
				D77DB5B42AC6EA7100086966 /* Sources */,
				D77DB5B52AC6EA7100086966 /* Frameworks */,
				D77DB5B62AC6EA7100086966 /* Resources */,
			);
			buildRules = (
			);
			dependencies = (
				D77DB5BA2AC6EA7100086966 /* PBXTargetDependency */,
			);
			name = calcTests;
			productName = calcTests;
			productReference = D77DB5B82AC6EA7100086966 /* calcTests.xctest */;
			productType = "com.apple.product-type.bundle.unit-test";
		};
		D77DB5C12AC6EA7100086966 /* calcUITests */ = {
			isa = PBXNativeTarget;
			buildConfigurationList = D77DB5D22AC6EA7100086966 /* Build configuration list for PBXNativeTarget "calcUITests" */;
			buildPhases = (
				D77DB5BE2AC6EA7100086966 /* Sources */,
				D77DB5BF2AC6EA7100086966 /* Frameworks */,
				D77DB5C02AC6EA7100086966 /* Resources */,
			);
			buildRules = (
			);
			dependencies = (
				D77DB5C42AC6EA7100086966 /* PBXTargetDependency */,
			);
			name = calcUITests;
			productName = calcUITests;
			productReference = D77DB5C22AC6EA7100086966 /* calcUITests.xctest */;
			productType = "com.apple.product-type.bundle.ui-testing";
		};
/* End PBXNativeTarget section */

/* Begin PBXProject section */
		D77DB59A2AC6EA7000086966 /* Project object */ = {
			isa = PBXProject;
			attributes = {
				BuildIndependentTargetsInParallel = 1;
				LastSwiftUpdateCheck = 1420;
				LastUpgradeCheck = 1420;
				TargetAttributes = {
					D77DB5A12AC6EA7000086966 = {
						CreatedOnToolsVersion = 14.2;
					};
					D77DB5B72AC6EA7100086966 = {
						CreatedOnToolsVersion = 14.2;
						TestTargetID = D77DB5A12AC6EA7000086966;
					};
					D77DB5C12AC6EA7100086966 = {
						CreatedOnToolsVersion = 14.2;
						TestTargetID = D77DB5A12AC6EA7000086966;
					};
				};
			};
			buildConfigurationList = D77DB59D2AC6EA7000086966 /* Build configuration list for PBXProject "calc" */;
			compatibilityVersion = "Xcode 14.0";
			developmentRegion = en;
			hasScannedForEncodings = 0;
			knownRegions = (
				en,
				Base,
			);
			mainGroup = D77DB5992AC6EA7000086966;
			productRefGroup = D77DB5A32AC6EA7000086966 /* Products */;
			projectDirPath = "";
			projectRoot = "";
			targets = (
				D77DB5A12AC6EA7000086966 /* calc */,
				D77DB5B72AC6EA7100086966 /* calcTests */,
				D77DB5C12AC6EA7100086966 /* calcUITests */,
			);
		};
/* End PBXProject section */

/* Begin PBXResourcesBuildPhase section */
		D77DB5A02AC6EA7000086966 /* Resources */ = {
			isa = PBXResourcesBuildPhase;
			buildActionMask = 2147483647;
			files = (
				D77DB5B22AC6EA7100086966 /* LaunchScreen.storyboard in Resources */,
				D77DB5AF2AC6EA7100086966 /* Assets.xcassets in Resources */,
				D77DB5AD2AC6EA7000086966 /* Main.storyboard in Resources */,
			);
			runOnlyForDeploymentPostprocessing = 0;
		};
		D77DB5B62AC6EA7100086966 /* Resources */ = {
			isa = PBXResourcesBuildPhase;
			buildActionMask = 2147483647;
			files = (
			);
			runOnlyForDeploymentPostprocessing = 0;
		};
		D77DB5C02AC6EA7100086966 /* Resources */ = {
			isa = PBXResourcesBuildPhase;
			buildActionMask = 2147483647;
			files = (
			);
			runOnlyForDeploymentPostprocessing = 0;
		};
/* End PBXResourcesBuildPhase section */

/* Begin PBXSourcesBuildPhase section */
		D77DB59E2AC6EA7000086966 /* Sources */ = {
			isa = PBXSourcesBuildPhase;
			buildActionMask = 2147483647;
			files = (
				D77DB5AA2AC6EA7000086966 /* ViewController.swift in Sources */,
				D77DB5A62AC6EA7000086966 /* AppDelegate.swift in Sources */,
				D77DB5A82AC6EA7000086966 /* SceneDelegate.swift in Sources */,
			);
			runOnlyForDeploymentPostprocessing = 0;
		};
		D77DB5B42AC6EA7100086966 /* Sources */ = {
			isa = PBXSourcesBuildPhase;
			buildActionMask = 2147483647;
			files = (
				D77DB5BD2AC6EA7100086966 /* calcTests.swift in Sources */,
			);
			runOnlyForDeploymentPostprocessing = 0;
		};
		D77DB5BE2AC6EA7100086966 /* Sources */ = {
			isa = PBXSourcesBuildPhase;
			buildActionMask = 2147483647;
			files = (
				D77DB5C72AC6EA7100086966 /* calcUITests.swift in Sources */,
				D77DB5C92AC6EA7100086966 /* calcUITestsLaunchTests.swift in Sources */,
			);
			runOnlyForDeploymentPostprocessing = 0;
		};
/* End PBXSourcesBuildPhase section */

/* Begin PBXTargetDependency section */
		D77DB5BA2AC6EA7100086966 /* PBXTargetDependency */ = {
			isa = PBXTargetDependency;
			target = D77DB5A12AC6EA7000086966 /* calc */;
			targetProxy = D77DB5B92AC6EA7100086966 /* PBXContainerItemProxy */;
		};
		D77DB5C42AC6EA7100086966 /* PBXTargetDependency */ = {
			isa = PBXTargetDependency;
			target = D77DB5A12AC6EA7000086966 /* calc */;
			targetProxy = D77DB5C32AC6EA7100086966 /* PBXContainerItemProxy */;
		};
/* End PBXTargetDependency section */

/* Begin PBXVariantGroup section */
		D77DB5AB2AC6EA7000086966 /* Main.storyboard */ = {
			isa = PBXVariantGroup;
			children = (
				D77DB5AC2AC6EA7000086966 /* Base */,
			);
			name = Main.storyboard;
			sourceTree = "<group>";
		};
		D77DB5B02AC6EA7100086966 /* LaunchScreen.storyboard */ = {
			isa = PBXVariantGroup;
			children = (
				D77DB5B12AC6EA7100086966 /* Base */,
			);
			name = LaunchScreen.storyboard;
			sourceTree = "<group>";
		};
/* End PBXVariantGroup section */

/* Begin XCBuildConfiguration section */
		D77DB5CA2AC6EA7100086966 /* Debug */ = {
			isa = XCBuildConfiguration;
			buildSettings = {
				ALWAYS_SEARCH_USER_PATHS = NO;
				CLANG_ANALYZER_NONNULL = YES;
				CLANG_ANALYZER_NUMBER_OBJECT_CONVERSION = YES_AGGRESSIVE;
				CLANG_CXX_LANGUAGE_STANDARD = "gnu++20";
				CLANG_ENABLE_MODULES = YES;
				CLANG_ENABLE_OBJC_ARC = YES;
				CLANG_ENABLE_OBJC_WEAK = YES;
				CLANG_WARN_BLOCK_CAPTURE_AUTORELEASING = YES;
				CLANG_WARN_BOOL_CONVERSION = YES;
				CLANG_WARN_COMMA = YES;
				CLANG_WARN_CONSTANT_CONVERSION = YES;
				CLANG_WARN_DEPRECATED_OBJC_IMPLEMENTATIONS = YES;
				CLANG_WARN_DIRECT_OBJC_ISA_USAGE = YES_ERROR;
				CLANG_WARN_DOCUMENTATION_COMMENTS = YES;
				CLANG_WARN_EMPTY_BODY = YES;
				CLANG_WARN_ENUM_CONVERSION = YES;
				CLANG_WARN_INFINITE_RECURSION = YES;
				CLANG_WARN_INT_CONVERSION = YES;
				CLANG_WARN_NON_LITERAL_NULL_CONVERSION = YES;
				CLANG_WARN_OBJC_IMPLICIT_RETAIN_SELF = YES;
				CLANG_WARN_OBJC_LITERAL_CONVERSION = YES;
				CLANG_WARN_OBJC_ROOT_CLASS = YES_ERROR;
				CLANG_WARN_QUOTED_INCLUDE_IN_FRAMEWORK_HEADER = YES;
				CLANG_WARN_RANGE_LOOP_ANALYSIS = YES;
				CLANG_WARN_STRICT_PROTOTYPES = YES;
				CLANG_WARN_SUSPICIOUS_MOVE = YES;
				CLANG_WARN_UNGUARDED_AVAILABILITY = YES_AGGRESSIVE;
				CLANG_WARN_UNREACHABLE_CODE = YES;
				CLANG_WARN__DUPLICATE_METHOD_MATCH = YES;
				COPY_PHASE_STRIP = NO;
				DEBUG_INFORMATION_FORMAT = dwarf;
				ENABLE_STRICT_OBJC_MSGSEND = YES;
				ENABLE_TESTABILITY = YES;
				GCC_C_LANGUAGE_STANDARD = gnu11;
				GCC_DYNAMIC_NO_PIC = NO;
				GCC_NO_COMMON_BLOCKS = YES;
				GCC_OPTIMIZATION_LEVEL = 0;
				GCC_PREPROCESSOR_DEFINITIONS = (
					"DEBUG=1",
					"$(inherited)",
				);
				GCC_WARN_64_TO_32_BIT_CONVERSION = YES;
				GCC_WARN_ABOUT_RETURN_TYPE = YES_ERROR;
				GCC_WARN_UNDECLARED_SELECTOR = YES;
				GCC_WARN_UNINITIALIZED_AUTOS = YES_AGGRESSIVE;
				GCC_WARN_UNUSED_FUNCTION = YES;
				GCC_WARN_UNUSED_VARIABLE = YES;
				IPHONEOS_DEPLOYMENT_TARGET = 16.2;
				MTL_ENABLE_DEBUG_INFO = INCLUDE_SOURCE;
				MTL_FAST_MATH = YES;
				ONLY_ACTIVE_ARCH = YES;
				SDKROOT = iphoneos;
				SWIFT_ACTIVE_COMPILATION_CONDITIONS = DEBUG;
				SWIFT_OPTIMIZATION_LEVEL = "-Onone";
			};
			name = Debug;
		};
		D77DB5CB2AC6EA7100086966 /* Release */ = {
			isa = XCBuildConfiguration;
			buildSettings = {
				ALWAYS_SEARCH_USER_PATHS = NO;
				CLANG_ANALYZER_NONNULL = YES;
				CLANG_ANALYZER_NUMBER_OBJECT_CONVERSION = YES_AGGRESSIVE;
				CLANG_CXX_LANGUAGE_STANDARD = "gnu++20";
				CLANG_ENABLE_MODULES = YES;
				CLANG_ENABLE_OBJC_ARC = YES;
				CLANG_ENABLE_OBJC_WEAK = YES;
				CLANG_WARN_BLOCK_CAPTURE_AUTORELEASING = YES;
				CLANG_WARN_BOOL_CONVERSION = YES;
				CLANG_WARN_COMMA = YES;
				CLANG_WARN_CONSTANT_CONVERSION = YES;
				CLANG_WARN_DEPRECATED_OBJC_IMPLEMENTATIONS = YES;
				CLANG_WARN_DIRECT_OBJC_ISA_USAGE = YES_ERROR;
				CLANG_WARN_DOCUMENTATION_COMMENTS = YES;
				CLANG_WARN_EMPTY_BODY = YES;
				CLANG_WARN_ENUM_CONVERSION = YES;
				CLANG_WARN_INFINITE_RECURSION = YES;
				CLANG_WARN_INT_CONVERSION = YES;
				CLANG_WARN_NON_LITERAL_NULL_CONVERSION = YES;
				CLANG_WARN_OBJC_IMPLICIT_RETAIN_SELF = YES;
				CLANG_WARN_OBJC_LITERAL_CONVERSION = YES;
				CLANG_WARN_OBJC_ROOT_CLASS = YES_ERROR;
				CLANG_WARN_QUOTED_INCLUDE_IN_FRAMEWORK_HEADER = YES;
				CLANG_WARN_RANGE_LOOP_ANALYSIS = YES;
				CLANG_WARN_STRICT_PROTOTYPES = YES;
				CLANG_WARN_SUSPICIOUS_MOVE = YES;
				CLANG_WARN_UNGUARDED_AVAILABILITY = YES_AGGRESSIVE;
				CLANG_WARN_UNREACHABLE_CODE = YES;
				CLANG_WARN__DUPLICATE_METHOD_MATCH = YES;
				COPY_PHASE_STRIP = NO;
				DEBUG_INFORMATION_FORMAT = "dwarf-with-dsym";
				ENABLE_NS_ASSERTIONS = NO;
				ENABLE_STRICT_OBJC_MSGSEND = YES;
				GCC_C_LANGUAGE_STANDARD = gnu11;
				GCC_NO_COMMON_BLOCKS = YES;
				GCC_WARN_64_TO_32_BIT_CONVERSION = YES;
				GCC_WARN_ABOUT_RETURN_TYPE = YES_ERROR;
				GCC_WARN_UNDECLARED_SELECTOR = YES;
				GCC_WARN_UNINITIALIZED_AUTOS = YES_AGGRESSIVE;
				GCC_WARN_UNUSED_FUNCTION = YES;
				GCC_WARN_UNUSED_VARIABLE = YES;
				IPHONEOS_DEPLOYMENT_TARGET = 16.2;
				MTL_ENABLE_DEBUG_INFO = NO;
				MTL_FAST_MATH = YES;
				SDKROOT = iphoneos;
				SWIFT_COMPILATION_MODE = wholemodule;
				SWIFT_OPTIMIZATION_LEVEL = "-O";
				VALIDATE_PRODUCT = YES;
			};
			name = Release;
		};
		D77DB5CD2AC6EA7100086966 /* Debug */ = {
			isa = XCBuildConfiguration;
			buildSettings = {
				ASSETCATALOG_COMPILER_APPICON_NAME = AppIcon;
				ASSETCATALOG_COMPILER_GLOBAL_ACCENT_COLOR_NAME = AccentColor;
				CODE_SIGN_STYLE = Automatic;
				CURRENT_PROJECT_VERSION = 1;
				GENERATE_INFOPLIST_FILE = YES;
				INFOPLIST_FILE = calc/Info.plist;
				INFOPLIST_KEY_UIApplicationSupportsIndirectInputEvents = YES;
				INFOPLIST_KEY_UILaunchStoryboardName = LaunchScreen;
				INFOPLIST_KEY_UIMainStoryboardFile = Main;
				INFOPLIST_KEY_UISupportedInterfaceOrientations_iPad = "UIInterfaceOrientationPortrait UIInterfaceOrientationPortraitUpsideDown UIInterfaceOrientationLandscapeLeft UIInterfaceOrientationLandscapeRight";
				INFOPLIST_KEY_UISupportedInterfaceOrientations_iPhone = "UIInterfaceOrientationPortrait UIInterfaceOrientationLandscapeLeft UIInterfaceOrientationLandscapeRight";
				LD_RUNPATH_SEARCH_PATHS = (
					"$(inherited)",
					"@executable_path/Frameworks",
				);
				MARKETING_VERSION = 1.0;
				PRODUCT_BUNDLE_IDENTIFIER = Ospanbekov.Zhandos.calc;
				PRODUCT_NAME = "$(TARGET_NAME)";
				SWIFT_EMIT_LOC_STRINGS = YES;
				SWIFT_VERSION = 5.0;
				TARGETED_DEVICE_FAMILY = "1,2";
			};
			name = Debug;
		};
		D77DB5CE2AC6EA7100086966 /* Release */ = {
			isa = XCBuildConfiguration;
			buildSettings = {
				ASSETCATALOG_COMPILER_APPICON_NAME = AppIcon;
				ASSETCATALOG_COMPILER_GLOBAL_ACCENT_COLOR_NAME = AccentColor;
				CODE_SIGN_STYLE = Automatic;
				CURRENT_PROJECT_VERSION = 1;
				GENERATE_INFOPLIST_FILE = YES;
				INFOPLIST_FILE = calc/Info.plist;
				INFOPLIST_KEY_UIApplicationSupportsIndirectInputEvents = YES;
				INFOPLIST_KEY_UILaunchStoryboardName = LaunchScreen;
				INFOPLIST_KEY_UIMainStoryboardFile = Main;
				INFOPLIST_KEY_UISupportedInterfaceOrientations_iPad = "UIInterfaceOrientationPortrait UIInterfaceOrientationPortraitUpsideDown UIInterfaceOrientationLandscapeLeft UIInterfaceOrientationLandscapeRight";
				INFOPLIST_KEY_UISupportedInterfaceOrientations_iPhone = "UIInterfaceOrientationPortrait UIInterfaceOrientationLandscapeLeft UIInterfaceOrientationLandscapeRight";
				LD_RUNPATH_SEARCH_PATHS = (
					"$(inherited)",
					"@executable_path/Frameworks",
				);
				MARKETING_VERSION = 1.0;
				PRODUCT_BUNDLE_IDENTIFIER = Ospanbekov.Zhandos.calc;
				PRODUCT_NAME = "$(TARGET_NAME)";
				SWIFT_EMIT_LOC_STRINGS = YES;
				SWIFT_VERSION = 5.0;
				TARGETED_DEVICE_FAMILY = "1,2";
			};
			name = Release;
		};
		D77DB5D02AC6EA7100086966 /* Debug */ = {
			isa = XCBuildConfiguration;
			buildSettings = {
				ALWAYS_EMBED_SWIFT_STANDARD_LIBRARIES = YES;
				BUNDLE_LOADER = "$(TEST_HOST)";
				CODE_SIGN_STYLE = Automatic;
				CURRENT_PROJECT_VERSION = 1;
				GENERATE_INFOPLIST_FILE = YES;
				IPHONEOS_DEPLOYMENT_TARGET = 16.2;
				MARKETING_VERSION = 1.0;
				PRODUCT_BUNDLE_IDENTIFIER = Ospanbekov.Zhandos.calcTests;
				PRODUCT_NAME = "$(TARGET_NAME)";
				SWIFT_EMIT_LOC_STRINGS = NO;
				SWIFT_VERSION = 5.0;
				TARGETED_DEVICE_FAMILY = "1,2";
				TEST_HOST = "$(BUILT_PRODUCTS_DIR)/calc.app/$(BUNDLE_EXECUTABLE_FOLDER_PATH)/calc";
			};
			name = Debug;
		};
		D77DB5D12AC6EA7100086966 /* Release */ = {
			isa = XCBuildConfiguration;
			buildSettings = {
				ALWAYS_EMBED_SWIFT_STANDARD_LIBRARIES = YES;
				BUNDLE_LOADER = "$(TEST_HOST)";
				CODE_SIGN_STYLE = Automatic;
				CURRENT_PROJECT_VERSION = 1;
				GENERATE_INFOPLIST_FILE = YES;
				IPHONEOS_DEPLOYMENT_TARGET = 16.2;
				MARKETING_VERSION = 1.0;
				PRODUCT_BUNDLE_IDENTIFIER = Ospanbekov.Zhandos.calcTests;
				PRODUCT_NAME = "$(TARGET_NAME)";
				SWIFT_EMIT_LOC_STRINGS = NO;
				SWIFT_VERSION = 5.0;
				TARGETED_DEVICE_FAMILY = "1,2";
				TEST_HOST = "$(BUILT_PRODUCTS_DIR)/calc.app/$(BUNDLE_EXECUTABLE_FOLDER_PATH)/calc";
			};
			name = Release;
		};
		D77DB5D32AC6EA7100086966 /* Debug */ = {
			isa = XCBuildConfiguration;
			buildSettings = {
				ALWAYS_EMBED_SWIFT_STANDARD_LIBRARIES = YES;
				CODE_SIGN_STYLE = Automatic;
				CURRENT_PROJECT_VERSION = 1;
				GENERATE_INFOPLIST_FILE = YES;
				MARKETING_VERSION = 1.0;
				PRODUCT_BUNDLE_IDENTIFIER = Ospanbekov.Zhandos.calcUITests;
				PRODUCT_NAME = "$(TARGET_NAME)";
				SWIFT_EMIT_LOC_STRINGS = NO;
				SWIFT_VERSION = 5.0;
				TARGETED_DEVICE_FAMILY = "1,2";
				TEST_TARGET_NAME = calc;
			};
			name = Debug;
		};
		D77DB5D42AC6EA7100086966 /* Release */ = {
			isa = XCBuildConfiguration;
			buildSettings = {
				ALWAYS_EMBED_SWIFT_STANDARD_LIBRARIES = YES;
				CODE_SIGN_STYLE = Automatic;
				CURRENT_PROJECT_VERSION = 1;
				GENERATE_INFOPLIST_FILE = YES;
				MARKETING_VERSION = 1.0;
				PRODUCT_BUNDLE_IDENTIFIER = Ospanbekov.Zhandos.calcUITests;
				PRODUCT_NAME = "$(TARGET_NAME)";
				SWIFT_EMIT_LOC_STRINGS = NO;
				SWIFT_VERSION = 5.0;
				TARGETED_DEVICE_FAMILY = "1,2";
				TEST_TARGET_NAME = calc;
			};
			name = Release;
		};
/* End XCBuildConfiguration section */

/* Begin XCConfigurationList section */
		D77DB59D2AC6EA7000086966 /* Build configuration list for PBXProject "calc" */ = {
			isa = XCConfigurationList;
			buildConfigurations = (
				D77DB5CA2AC6EA7100086966 /* Debug */,
				D77DB5CB2AC6EA7100086966 /* Release */,
			);
			defaultConfigurationIsVisible = 0;
			defaultConfigurationName = Release;
		};
		D77DB5CC2AC6EA7100086966 /* Build configuration list for PBXNativeTarget "calc" */ = {
			isa = XCConfigurationList;
			buildConfigurations = (
				D77DB5CD2AC6EA7100086966 /* Debug */,
				D77DB5CE2AC6EA7100086966 /* Release */,
			);
			defaultConfigurationIsVisible = 0;
			defaultConfigurationName = Release;
		};
		D77DB5CF2AC6EA7100086966 /* Build configuration list for PBXNativeTarget "calcTests" */ = {
			isa = XCConfigurationList;
			buildConfigurations = (
				D77DB5D02AC6EA7100086966 /* Debug */,
				D77DB5D12AC6EA7100086966 /* Release */,
			);
			defaultConfigurationIsVisible = 0;
			defaultConfigurationName = Release;
		};
		D77DB5D22AC6EA7100086966 /* Build configuration list for PBXNativeTarget "calcUITests" */ = {
			isa = XCConfigurationList;
			buildConfigurations = (
				D77DB5D32AC6EA7100086966 /* Debug */,
				D77DB5D42AC6EA7100086966 /* Release */,
			);
			defaultConfigurationIsVisible = 0;
			defaultConfigurationName = Release;
		};
/* End XCConfigurationList section */
	};
	rootObject = D77DB59A2AC6EA7000086966 /* Project object */;
}
